hash: 06e46091c99823a9cc46c588e071077e0d1145fc56b2062c743810606c40bf07
updated: 2018-05-18T16:55:22.557566524+10:00
imports:
- name: cloud.google.com/go
  version: 056a55f54a6cc77b440b31a56a5e7c3982d32811
  subpackages:
  - compute/metadata
  - iam
  - internal
  - internal/optional
  - internal/trace
  - internal/version
  - storage
- name: github.com/aws/aws-sdk-go
  version: ee7b4b1162937cba700de23bd90acb742982e626
  subpackages:
  - aws
  - aws/awserr
  - aws/awsutil
  - aws/client
  - aws/client/metadata
  - aws/corehandlers
  - aws/credentials
  - aws/credentials/ec2rolecreds
  - aws/credentials/endpointcreds
  - aws/credentials/stscreds
  - aws/defaults
  - aws/ec2metadata
  - aws/endpoints
  - aws/request
  - aws/session
  - aws/signer/v4
  - internal/sdkio
  - internal/sdkrand
  - internal/shareddefaults
  - private/protocol
  - private/protocol/query
  - private/protocol/query/queryutil
  - private/protocol/rest
  - private/protocol/restxml
  - private/protocol/xml/xmlutil
  - service/s3
  - service/s3/s3iface
  - service/s3/s3manager
  - service/s3/s3manager/s3manageriface
  - service/sqs
  - service/sqs/sqsiface
  - service/sts
- name: github.com/blang/semver
  version: 2ee87856327ba09384cabd113bc6b5d174e9ec0f
- name: github.com/go-ini/ini
  version: 6333e38ac20b8949a8dd68baa3650f4dee8f39f0
- name: github.com/golang/protobuf
  version: 668a607657a5d387d6333648a2d9c749761fdc69
  subpackages:
  - proto
  - protoc-gen-go/descriptor
  - ptypes
  - ptypes/any
  - ptypes/duration
  - ptypes/timestamp
- name: github.com/googleapis/gax-go
  version: de2cc08e690b99dd3f7d19937d80d3d54e04682f
- name: github.com/hhatto/gocloc
  version: 7b315f8ae7054b69fbbe05c61fb5b2e645c368f3
- name: github.com/jcelliott/lumber
  version: dd349441af25132d146d7095c6693a15431fc9b1
- name: github.com/jmespath/go-jmespath
  version: c2b33e8439af944379acbdd9c3a5fe0bc44bd8a5
- name: github.com/nanobox-io/golang-scribble
  version: ced58d671850da57ce8c11315424513b608083d7
- name: github.com/toqueteos/trie
  version: 56fed4a05683322f125e2d78ee269bb102280392
- name: github.com/wptide/pkg
  version: af5a97380db1813be6e71a6f0c0ad6c612897a9b
  subpackages:
  - env
  - log
  - message
  - message/sqs
  - payload
  - phpcompat
  - pipe
  - process
  - process/phpcs
  - shell
  - source
  - source/zip
  - storage
  - storage/gcs
  - storage/local
  - storage/s3
  - sync
  - tide
  - tide/api
  - wporg
- name: go.opencensus.io
  version: ebd8d31470fedf6c27d0e3056653ddff642509b8
  subpackages:
  - exporter/stackdriver/propagation
  - internal
  - internal/tagencoding
  - plugin/ochttp
  - plugin/ochttp/propagation/b3
  - stats
  - stats/internal
  - stats/view
  - tag
  - trace
  - trace/internal
  - trace/propagation
- name: golang.org/x/net
  version: 2491c5de3490fced2f6cff376127c667efeed857
  subpackages:
  - context
  - context/ctxhttp
  - http/httpguts
  - http2
  - http2/hpack
  - idna
  - internal/timeseries
  - trace
- name: golang.org/x/oauth2
  version: cdc340f7c179dbbfa4afd43b7614e8fcadde4269
  subpackages:
  - google
  - internal
  - jws
  - jwt
- name: golang.org/x/text
  version: 5c1cf69b5978e5a34c5f9ba09a83e56acc4b7877
  subpackages:
  - secure/bidirule
  - transform
  - unicode/bidi
  - unicode/norm
- name: google.golang.org/api
  version: aedc137bffcaca05f836e35c6d182fcb7a68b1c0
  subpackages:
  - gensupport
  - googleapi
  - googleapi/internal/uritemplates
  - googleapi/transport
  - internal
  - iterator
  - option
  - storage/v1
  - transport/http
- name: google.golang.org/appengine
  version: b9aad5d628b283f265adf8d3557faae187a8d015
  subpackages:
  - internal
  - internal/app_identity
  - internal/base
  - internal/datastore
  - internal/log
  - internal/modules
  - internal/remote_api
  - internal/urlfetch
  - urlfetch
- name: google.golang.org/genproto
  version: 7bb2a897381c9c5ab2aeb8614f758d7766af68ff
  subpackages:
  - googleapis/api/annotations
  - googleapis/iam/v1
  - googleapis/rpc/code
  - googleapis/rpc/status
- name: google.golang.org/grpc
  version: 3b7feb1847c899055b799fc77693e376cd4ea0d9
  subpackages:
  - balancer
  - balancer/base
  - balancer/roundrobin
  - channelz
  - codes
  - connectivity
  - credentials
  - encoding
  - encoding/proto
  - grpclb/grpc_lb_v1/messages
  - grpclog
  - internal
  - keepalive
  - metadata
  - naming
  - peer
  - resolver
  - resolver/dns
  - resolver/passthrough
  - stats
  - status
  - tap
  - transport
- name: gopkg.in/src-d/enry.v1
  version: 0db3b4b5536e6dc4d9109d42897c00a5d92af0a7
  subpackages:
  - data
  - internal/tokenizer
- name: gopkg.in/toqueteos/substring.v1
  version: c5f61671513240ddf5563635cc4a90e9f3ae4710
testImports: []
