hash: 2c82beeba272aa76ba3d63271075f9f07231760a04b6cdc886d251df846568f8
updated: 2017-10-23T18:42:31.754854065+11:00
imports:
- name: github.com/aws/aws-sdk-go
  version: 0b712b483e38c7e1efe9c3e0249de0a8f131cb4e
  subpackages:
  - aws
  - aws/...
  - aws/awserr
  - aws/awsutil
  - aws/client
  - aws/client/metadata
  - aws/corehandlers
  - aws/credentials
  - aws/credentials/ec2rolecreds
  - aws/credentials/endpointcreds
  - aws/credentials/stscreds
  - aws/defaults
  - aws/ec2metadata
  - aws/endpoints
  - aws/request
  - aws/session
  - aws/signer/v4
  - internal/shareddefaults
  - private/protocol
  - private/protocol/query
  - private/protocol/query/queryutil
  - private/protocol/rest
  - private/protocol/xml/xmlutil
  - service/sqs
  - service/sts
- name: github.com/go-ini/ini
  version: 3d73f4b845efdf9989fffd4b4e562727744a34ba
- name: github.com/jcelliott/lumber
  version: dd349441af25132d146d7095c6693a15431fc9b1
- name: github.com/jmespath/go-jmespath
  version: bd40a432e4c76585ef6b72d3fd96fb9b6dc7b68d
- name: github.com/nanobox-io/golang-scribble
  version: da3a159a462297745592fd615d4bcebec94b54c6
testImports: []
